
Microsoft Visual Studio Solution File, Format Version 12.00
# Visual Studio Version 16
VisualStudioVersion = 16.0.33027.164
MinimumVisualStudioVersion = 10.0.40219.1
Project("{9A19103F-16F7-4668-BE54-9A1E7A4F7556}") = "Swapee.Server", "Swapee\Server\Swapee.Server.csproj", "{71614713-2D7B-4C3A-8BDA-9B08F2592FA8}"
EndProject
Project("{9A19103F-16F7-4668-BE54-9A1E7A4F7556}") = "Swapee.Client", "Swapee\Client\Swapee.Client.csproj", "{29B6FBF5-5503-4FAA-A914-DAB5F05D53E7}"
EndProject
Project("{9A19103F-16F7-4668-BE54-9A1E7A4F7556}") = "Swapee.Shared", "Swapee\Shared\Swapee.Shared.csproj", "{761A2E0B-04F3-4D00-A8B6-2B5806DFA339}"
EndProject
Global
	GlobalSection(SolutionConfigurationPlatforms) = preSolution
		Debug|Any CPU = Debug|Any CPU
		Release|Any CPU = Release|Any CPU
	EndGlobalSection
	GlobalSection(ProjectConfigurationPlatforms) = postSolution
		{71614713-2D7B-4C3A-8BDA-9B08F2592FA8}.Debug|Any CPU.ActiveCfg = Debug|Any CPU
		{71614713-2D7B-4C3A-8BDA-9B08F2592FA8}.Debug|Any CPU.Build.0 = Debug|Any CPU
		{71614713-2D7B-4C3A-8BDA-9B08F2592FA8}.Release|Any CPU.ActiveCfg = Release|Any CPU
		{71614713-2D7B-4C3A-8BDA-9B08F2592FA8}.Release|Any CPU.Build.0 = Release|Any CPU
		{29B6FBF5-5503-4FAA-A914-DAB5F05D53E7}.Debug|Any CPU.ActiveCfg = Debug|Any CPU
		{29B6FBF5-5503-4FAA-A914-DAB5F05D53E7}.Debug|Any CPU.Build.0 = Debug|Any CPU
		{29B6FBF5-5503-4FAA-A914-DAB5F05D53E7}.Release|Any CPU.ActiveCfg = Release|Any CPU
		{29B6FBF5-5503-4FAA-A914-DAB5F05D53E7}.Release|Any CPU.Build.0 = Release|Any CPU
		{761A2E0B-04F3-4D00-A8B6-2B5806DFA339}.Debug|Any CPU.ActiveCfg = Debug|Any CPU
		{761A2E0B-04F3-4D00-A8B6-2B5806DFA339}.Debug|Any CPU.Build.0 = Debug|Any CPU
		{761A2E0B-04F3-4D00-A8B6-2B5806DFA339}.Release|Any CPU.ActiveCfg = Release|Any CPU
		{761A2E0B-04F3-4D00-A8B6-2B5806DFA339}.Release|Any CPU.Build.0 = Release|Any CPU
	EndGlobalSection
	GlobalSection(SolutionProperties) = preSolution
		HideSolutionNode = FALSE
	EndGlobalSection
	GlobalSection(ExtensibilityGlobals) = postSolution
		SolutionGuid = {CCE9C89E-6A05-4A34-9854-D6D9CC303A0B}
	EndGlobalSection
EndGlobal
